{
  "version": 4,
  "terraform_version": "1.14.8",
  "serial": 26,
  "lineage": "49f2955c-b12d-2097-b18d-3b641467dcef",
  "outputs": {
    "api_url": {
      "value": "https://46kgkrvy60.execute-api.us-east-1.amazonaws.com/prod",
      "type": "string"
    }
  },
  "resources": [
    {
      "mode": "managed",
      "type": "aws_api_gateway_deployment",
      "name": "api_deployment",
      "provider": "provider[\"registry.terraform.io/hashicorp/aws\"]",
      "instances": [
        {
          "schema_version": 0,
          "attributes": {
            "created_date": "2026-03-27T07:21:27Z",
            "description": "",
            "id": "ttkbhx",
            "region": "us-east-1",
            "rest_api_id": "46kgkrvy60",
            "triggers": {
              "redeployment": "fc4273017bcaad052a372a1757b71460fd2801f6"
            },
            "variables": null
          },
          "sensitive_attributes": [],
          "identity_schema_version": 0,
          "private": "bnVsbA==",
          "dependencies": [
            "aws_api_gateway_rest_api.titanic_api",
            "aws_dynamodb_table.Tabela_dos_Passageiros",
            "aws_iam_role.lambda_exec",
            "aws_lambda_function.api_handler"
          ],
          "create_before_destroy": true
        }
      ]
    },
    {
      "mode": "managed",
      "type": "aws_api_gateway_rest_api",
      "name": "titanic_api",
      "provider": "provider[\"registry.terraform.io/hashicorp/aws\"]",
      "instances": [
        {
          "schema_version": 0,
          "attributes": {
            "api_key_source": "HEADER",
            "arn": "arn:aws:apigateway:us-east-1::/restapis/46kgkrvy60",
            "binary_media_types": [],
            "body": "openapi: 3.0.0\r\ninfo:\r\n  title: API de Escoragem - Titanic ML\r\n  version: 1.0.0\r\n  description: API Serverless para inferência do modelo do Titanic, gerida via AWS API Gateway e Lambda.\r\n\r\npaths:\r\n  /sobreviventes:\r\n    post:\r\n      summary: Realiza a escoragem de um passageiro\r\n      responses:\r\n        '201': \r\n          description: Sucesso. Retorna o ID gerado e a probabilidade de sobrevivência.\r\n          content:\r\n            application/json:\r\n              schema:\r\n                type: object\r\n                properties:\r\n                  Passenger_id: # Corrigido para bater com o Python\r\n                    type: string\r\n                    example: \"550e8400-e29b-41d4-a716-446655440000\"\r\n                  probabilidade_sobrevivencia:\r\n                    type: number\r\n                    example: 0.7512\r\n        '400':\r\n          description: Erro de validação (Features ausentes, quantidade ou tipos inválidos).\r\n      x-amazon-apigateway-integration:\r\n        uri: arn:aws:apigateway:us-east-1:lambda:path/2015-03-31/functions/arn:aws:lambda:us-east-1:858688937735:function:titanic_preditor/invocations\r\n        responses:\r\n          default:\r\n            statusCode: \"201\"\r\n        passthroughBehavior: \"when_no_match\"\r\n        httpMethod: \"POST\"\r\n        type: \"aws_proxy\"\r\n\r\n    get:\r\n      summary: Lista todos os passageiros já avaliados.\r\n      responses:\r\n        '200':\r\n          description: Lista de passageiros retornada com sucesso do DynamoDB.\r\n      x-amazon-apigateway-integration:\r\n        uri: arn:aws:apigateway:us-east-1:lambda:path/2015-03-31/functions/arn:aws:lambda:us-east-1:858688937735:function:titanic_preditor/invocations\r\n        responses:\r\n          default:\r\n            statusCode: \"200\"\r\n        passthroughBehavior: \"when_no_match\"\r\n        httpMethod: \"POST\" # O API Gateway usa POST internamente para invocar a Lambda\r\n        type: \"aws_proxy\"\r\n\r\n  /sobreviventes/{id}:\r\n    parameters:\r\n      - name: id\r\n        in: path\r\n        required: true\r\n        schema:\r\n          type: string\r\n    get:\r\n      summary: Retorna a avaliação de um passageiro específico\r\n      responses:\r\n        '200':\r\n          description: Dados do passageiro encontrados.\r\n        '404':\r\n          description: Passageiro não encontrado.\r\n      x-amazon-apigateway-integration:\r\n        uri: arn:aws:apigateway:us-east-1:lambda:path/2015-03-31/functions/arn:aws:lambda:us-east-1:858688937735:function:titanic_preditor/invocations\r\n        responses:\r\n          default:\r\n            statusCode: \"200\"\r\n        passthroughBehavior: \"when_no_match\"\r\n        httpMethod: \"POST\"\r\n        type: \"aws_proxy\"\r\n\r\n    delete:\r\n      summary: Remove o registro de um passageiro\r\n      responses:\r\n        '200':\r\n          description: Mensagem de confirmação da deleção.\r\n        '404':\r\n          description: ID não encontrado para deleção.\r\n      x-amazon-apigateway-integration:\r\n        uri: arn:aws:apigateway:us-east-1:lambda:path/2015-03-31/functions/arn:aws:lambda:us-east-1:858688937735:function:titanic_preditor/invocations\r\n        responses:\r\n          default:\r\n            statusCode: \"200\"\r\n        passthroughBehavior: \"when_no_match\"\r\n        httpMethod: \"POST\"\r\n        type: \"aws_proxy\"",
            "created_date": "2026-03-27T04:59:34Z",
            "description": "API para predição de sobreviventes",
            "disable_execute_api_endpoint": false,
            "endpoint_configuration": [
              {
                "ip_address_type": "ipv4",
                "types": [
                  "EDGE"
                ],
                "vpc_endpoint_ids": []
              }
            ],
            "execution_arn": "arn:aws:execute-api:us-east-1:858688937735:46kgkrvy60",
            "fail_on_warnings": null,
            "id": "46kgkrvy60",
            "minimum_compression_size": "",
            "name": "TitanicAPI",
            "parameters": null,
            "policy": "",
            "put_rest_api_mode": null,
            "region": "us-east-1",
            "root_resource_id": "x9z9mxghi3",
            "tags": {},
            "tags_all": {}
          },
          "sensitive_attributes": [],
          "identity_schema_version": 0,
          "private": "bnVsbA==",
          "dependencies": [
            "aws_dynamodb_table.Tabela_dos_Passageiros",
            "aws_iam_role.lambda_exec",
            "aws_lambda_function.api_handler"
          ],
          "create_before_destroy": true
        }
      ]
    },
    {
      "mode": "managed",
      "type": "aws_api_gateway_stage",
      "name": "api_stage",
      "provider": "provider[\"registry.terraform.io/hashicorp/aws\"]",
      "instances": [
        {
          "schema_version": 0,
          "attributes": {
            "access_log_settings": [],
            "arn": "arn:aws:apigateway:us-east-1::/restapis/46kgkrvy60/stages/prod",
            "cache_cluster_enabled": false,
            "cache_cluster_size": "",
            "canary_settings": [],
            "client_certificate_id": "",
            "deployment_id": "ttkbhx",
            "description": "",
            "documentation_version": "",
            "execution_arn": "arn:aws:execute-api:us-east-1:858688937735:46kgkrvy60/prod",
            "id": "ags-46kgkrvy60-prod",
            "invoke_url": "https://46kgkrvy60.execute-api.us-east-1.amazonaws.com/prod",
            "region": "us-east-1",
            "rest_api_id": "46kgkrvy60",
            "stage_name": "prod",
            "tags": {},
            "tags_all": {},
            "variables": {},
            "web_acl_arn": "",
            "xray_tracing_enabled": false
          },
          "sensitive_attributes": [],
          "identity_schema_version": 0,
          "private": "bnVsbA==",
          "dependencies": [
            "aws_api_gateway_deployment.api_deployment",
            "aws_api_gateway_rest_api.titanic_api",
            "aws_dynamodb_table.Tabela_dos_Passageiros",
            "aws_iam_role.lambda_exec",
            "aws_lambda_function.api_handler"
          ]
        }
      ]
    },
    {
      "mode": "managed",
      "type": "aws_dynamodb_table",
      "name": "Tabela_dos_Passageiros",
      "provider": "provider[\"registry.terraform.io/hashicorp/aws\"]",
      "instances": [
        {
          "schema_version": 1,
          "attributes": {
            "arn": "arn:aws:dynamodb:us-east-1:858688937735:table/SobrevivenciaTitanic",
            "attribute": [
              {
                "name": "id",
                "type": "S"
              }
            ],
            "billing_mode": "PAY_PER_REQUEST",
            "deletion_protection_enabled": false,
            "global_secondary_index": [],
            "global_table_witness": [],
            "hash_key": "id",
            "id": "SobrevivenciaTitanic",
            "import_table": [],
            "local_secondary_index": [],
            "name": "SobrevivenciaTitanic",
            "on_demand_throughput": [],
            "point_in_time_recovery": [
              {
                "enabled": false,
                "recovery_period_in_days": 0
              }
            ],
            "range_key": null,
            "read_capacity": 0,
            "region": "us-east-1",
            "replica": [],
            "restore_backup_arn": null,
            "restore_date_time": null,
            "restore_source_name": null,
            "restore_source_table_arn": null,
            "restore_to_latest_time": null,
            "server_side_encryption": [],
            "stream_arn": "",
            "stream_enabled": false,
            "stream_label": "",
            "stream_view_type": "",
            "table_class": "STANDARD",
            "tags": {},
            "tags_all": {},
            "timeouts": null,
            "ttl": [
              {
                "attribute_name": "",
                "enabled": false
              }
            ],
            "warm_throughput": [],
            "write_capacity": 0
          },
          "sensitive_attributes": [],
          "identity_schema_version": 0,
          "private": "eyJlMmJmYjczMC1lY2FhLTExZTYtOGY4OC0zNDM2M2JjN2M0YzAiOnsiY3JlYXRlIjoxODAwMDAwMDAwMDAwLCJkZWxldGUiOjYwMDAwMDAwMDAwMCwidXBkYXRlIjozNjAwMDAwMDAwMDAwfSwic2NoZW1hX3ZlcnNpb24iOiIxIn0=",
          "create_before_destroy": true
        }
      ]
    },
    {
      "mode": "managed",
      "type": "aws_iam_role",
      "name": "lambda_exec",
      "provider": "provider[\"registry.terraform.io/hashicorp/aws\"]",
      "instances": [
        {
          "schema_version": 0,
          "attributes": {
            "arn": "arn:aws:iam::858688937735:role/serverless_lambda_role",
            "assume_role_policy": "{\"Statement\":[{\"Action\":\"sts:AssumeRole\",\"Effect\":\"Allow\",\"Principal\":{\"Service\":\"lambda.amazonaws.com\"}}],\"Version\":\"2012-10-17\"}",
            "create_date": "2026-03-27T04:59:15Z",
            "description": "",
            "force_detach_policies": false,
            "id": "serverless_lambda_role",
            "inline_policy": [],
            "managed_policy_arns": [
              "arn:aws:iam::aws:policy/AmazonDynamoDBFullAccess",
              "arn:aws:iam::aws:policy/service-role/AWSLambdaBasicExecutionRole"
            ],
            "max_session_duration": 3600,
            "name": "serverless_lambda_role",
            "name_prefix": "",
            "path": "/",
            "permissions_boundary": "",
            "tags": {},
            "tags_all": {},
            "unique_id": "AROA4P3OZL4DXBJ6N7SRE"
          },
          "sensitive_attributes": [],
          "identity_schema_version": 0,
          "identity": {
            "account_id": "858688937735",
            "name": "serverless_lambda_role"
          },
          "private": "bnVsbA==",
          "create_before_destroy": true
        }
      ]
    },
    {
      "mode": "managed",
      "type": "aws_iam_role_policy_attachment",
      "name": "lambda_logs",
      "provider": "provider[\"registry.terraform.io/hashicorp/aws\"]",
      "instances": [
        {
          "schema_version": 0,
          "attributes": {
            "id": "serverless_lambda_role/arn:aws:iam::aws:policy/service-role/AWSLambdaBasicExecutionRole",
            "policy_arn": "arn:aws:iam::aws:policy/service-role/AWSLambdaBasicExecutionRole",
            "role": "serverless_lambda_role"
          },
          "sensitive_attributes": [],
          "identity_schema_version": 0,
          "identity": {
            "account_id": "858688937735",
            "policy_arn": "arn:aws:iam::aws:policy/service-role/AWSLambdaBasicExecutionRole",
            "role": "serverless_lambda_role"
          },
          "private": "bnVsbA==",
          "dependencies": [
            "aws_iam_role.lambda_exec"
          ]
        }
      ]
    },
    {
      "mode": "managed",
      "type": "aws_iam_role_policy_attachment",
      "name": "lambda_policy",
      "provider": "provider[\"registry.terraform.io/hashicorp/aws\"]",
      "instances": [
        {
          "schema_version": 0,
          "attributes": {
            "id": "serverless_lambda_role/arn:aws:iam::aws:policy/AmazonDynamoDBFullAccess",
            "policy_arn": "arn:aws:iam::aws:policy/AmazonDynamoDBFullAccess",
            "role": "serverless_lambda_role"
          },
          "sensitive_attributes": [],
          "identity_schema_version": 0,
          "identity": {
            "account_id": "858688937735",
            "policy_arn": "arn:aws:iam::aws:policy/AmazonDynamoDBFullAccess",
            "role": "serverless_lambda_role"
          },
          "private": "bnVsbA==",
          "dependencies": [
            "aws_iam_role.lambda_exec"
          ]
        }
      ]
    },
    {
      "mode": "managed",
      "type": "aws_lambda_function",
      "name": "api_handler",
      "provider": "provider[\"registry.terraform.io/hashicorp/aws\"]",
      "instances": [
        {
          "schema_version": 0,
          "attributes": {
            "architectures": [
              "x86_64"
            ],
            "arn": "arn:aws:lambda:us-east-1:858688937735:function:titanic_preditor",
            "capacity_provider_config": [],
            "code_sha256": "71e885f1dcadcacaf68063a13e53681aea494cc7b4320ee31ce8cefb00bce106",
            "code_signing_config_arn": "",
            "dead_letter_config": [],
            "description": "",
            "durable_config": [],
            "environment": [
              {
                "variables": {
                  "TABLE_NAME": "SobrevivenciaTitanic"
                }
              }
            ],
            "ephemeral_storage": [
              {
                "size": 512
              }
            ],
            "file_system_config": [],
            "filename": null,
            "function_name": "titanic_preditor",
            "handler": "",
            "id": "titanic_preditor",
            "image_config": [],
            "image_uri": "858688937735.dkr.ecr.us-east-1.amazonaws.com/titanic-ml-api:latest",
            "invoke_arn": "arn:aws:apigateway:us-east-1:lambda:path/2015-03-31/functions/arn:aws:lambda:us-east-1:858688937735:function:titanic_preditor/invocations",
            "kms_key_arn": "",
            "last_modified": "2026-03-27T07:21:12.966+0000",
            "layers": [],
            "logging_config": [
              {
                "application_log_level": "",
                "log_format": "Text",
                "log_group": "/aws/lambda/titanic_preditor",
                "system_log_level": ""
              }
            ],
            "memory_size": 512,
            "package_type": "Image",
            "publish": false,
            "publish_to": null,
            "qualified_arn": "arn:aws:lambda:us-east-1:858688937735:function:titanic_preditor:$LATEST",
            "qualified_invoke_arn": "arn:aws:apigateway:us-east-1:lambda:path/2015-03-31/functions/arn:aws:lambda:us-east-1:858688937735:function:titanic_preditor:$LATEST/invocations",
            "region": "us-east-1",
            "replace_security_groups_on_destroy": null,
            "replacement_security_group_ids": null,
            "reserved_concurrent_executions": -1,
            "response_streaming_invoke_arn": "arn:aws:apigateway:us-east-1:lambda:path/2021-11-15/functions/arn:aws:lambda:us-east-1:858688937735:function:titanic_preditor/response-streaming-invocations",
            "role": "arn:aws:iam::858688937735:role/serverless_lambda_role",
            "runtime": "",
            "s3_bucket": null,
            "s3_key": null,
            "s3_object_version": null,
            "signing_job_arn": "",
            "signing_profile_version_arn": "",
            "skip_destroy": false,
            "snap_start": [],
            "source_code_hash": "",
            "source_code_size": 0,
            "source_kms_key_arn": "",
            "tags": {},
            "tags_all": {},
            "tenancy_config": [],
            "timeout": 30,
            "timeouts": null,
            "tracing_config": [
              {
                "mode": "PassThrough"
              }
            ],
            "version": "$LATEST",
            "vpc_config": []
          },
          "sensitive_attributes": [],
          "identity_schema_version": 0,
          "identity": {
            "account_id": "858688937735",
            "function_name": "titanic_preditor",
            "region": "us-east-1"
          },
          "private": "eyJlMmJmYjczMC1lY2FhLTExZTYtOGY4OC0zNDM2M2JjN2M0YzAiOnsiY3JlYXRlIjo2MDAwMDAwMDAwMDAsImRlbGV0ZSI6NjAwMDAwMDAwMDAwLCJ1cGRhdGUiOjYwMDAwMDAwMDAwMH19",
          "dependencies": [
            "aws_dynamodb_table.Tabela_dos_Passageiros",
            "aws_iam_role.lambda_exec"
          ],
          "create_before_destroy": true
        }
      ]
    },
    {
      "mode": "managed",
      "type": "aws_lambda_permission",
      "name": "apigw",
      "provider": "provider[\"registry.terraform.io/hashicorp/aws\"]",
      "instances": [
        {
          "schema_version": 0,
          "attributes": {
            "action": "lambda:InvokeFunction",
            "event_source_token": null,
            "function_name": "titanic_preditor",
            "function_url_auth_type": null,
            "id": "AllowAPIGatewayInvoke",
            "invoked_via_function_url": null,
            "principal": "apigateway.amazonaws.com",
            "principal_org_id": null,
            "qualifier": "",
            "region": "us-east-1",
            "source_account": null,
            "source_arn": "arn:aws:execute-api:us-east-1:858688937735:46kgkrvy60/*/*",
            "statement_id": "AllowAPIGatewayInvoke",
            "statement_id_prefix": ""
          },
          "sensitive_attributes": [],
          "identity_schema_version": 0,
          "identity": {
            "account_id": "858688937735",
            "function_name": "titanic_preditor",
            "qualifier": null,
            "region": "us-east-1",
            "statement_id": "AllowAPIGatewayInvoke"
          },
          "private": "bnVsbA==",
          "dependencies": [
            "aws_api_gateway_rest_api.titanic_api",
            "aws_dynamodb_table.Tabela_dos_Passageiros",
            "aws_iam_role.lambda_exec",
            "aws_lambda_function.api_handler"
          ]
        }
      ]
    }
  ],
  "check_results": null
}
